
Microsoft Visual Studio Solution File, Format Version 12.00
# Visual Studio 15
VisualStudioVersion = 15.0.28010.2046
MinimumVisualStudioVersion = 10.0.40219.1
Project("{FAE04EC0-301F-11D3-BF4B-00C04F79EFBC}") = "Ecercise8", "Ecercise8\Ecercise8.csproj", "{E28B3968-9797-4648-997A-7A9035450F05}"
EndProject
Global
	GlobalSection(SolutionConfigurationPlatforms) = preSolution
		Debug|Any CPU = Debug|Any CPU
		Release|Any CPU = Release|Any CPU
	EndGlobalSection
	GlobalSection(ProjectConfigurationPlatforms) = postSolution
		{E28B3968-9797-4648-997A-7A9035450F05}.Debug|Any CPU.ActiveCfg = Debug|Any CPU
		{E28B3968-9797-4648-997A-7A9035450F05}.Debug|Any CPU.Build.0 = Debug|Any CPU
		{E28B3968-9797-4648-997A-7A9035450F05}.Release|Any CPU.ActiveCfg = Release|Any CPU
		{E28B3968-9797-4648-997A-7A9035450F05}.Release|Any CPU.Build.0 = Release|Any CPU
	EndGlobalSection
	GlobalSection(SolutionProperties) = preSolution
		HideSolutionNode = FALSE
	EndGlobalSection
	GlobalSection(ExtensibilityGlobals) = postSolution
		SolutionGuid = {DB9CDCC9-4E6D-44CF-9908-F0D6D8CFEDB6}
	EndGlobalSection
EndGlobal
