
Microsoft Visual Studio Solution File, Format Version 12.00
# Visual Studio 15
VisualStudioVersion = 15.0.28307.421
MinimumVisualStudioVersion = 10.0.40219.1
Project("{FAE04EC0-301F-11D3-BF4B-00C04F79EFBC}") = "Part2exercise6", "Part2exercise6\Part2exercise6.csproj", "{5907AE33-5900-4AC1-A4A4-8E1C41B23D81}"
EndProject
Global
	GlobalSection(SolutionConfigurationPlatforms) = preSolution
		Debug|Any CPU = Debug|Any CPU
		Release|Any CPU = Release|Any CPU
	EndGlobalSection
	GlobalSection(ProjectConfigurationPlatforms) = postSolution
		{5907AE33-5900-4AC1-A4A4-8E1C41B23D81}.Debug|Any CPU.ActiveCfg = Debug|Any CPU
		{5907AE33-5900-4AC1-A4A4-8E1C41B23D81}.Debug|Any CPU.Build.0 = Debug|Any CPU
		{5907AE33-5900-4AC1-A4A4-8E1C41B23D81}.Release|Any CPU.ActiveCfg = Release|Any CPU
		{5907AE33-5900-4AC1-A4A4-8E1C41B23D81}.Release|Any CPU.Build.0 = Release|Any CPU
	EndGlobalSection
	GlobalSection(SolutionProperties) = preSolution
		HideSolutionNode = FALSE
	EndGlobalSection
	GlobalSection(ExtensibilityGlobals) = postSolution
		SolutionGuid = {27CCB5B4-8C23-4E0E-A508-2449C1808D66}
	EndGlobalSection
EndGlobal
